
Microsoft Visual Studio Solution File, Format Version 12.00
# Visual Studio Version 17
VisualStudioVersion = 17.13.35818.85 d17.13
MinimumVisualStudioVersion = 10.0.40219.1
Project("{FAE04EC0-301F-11D3-BF4B-00C04F79EFBC}") = "BackendAPI", "BackendAPI\BackendAPI.csproj", "{A28D2174-7B0B-4968-88A7-D2401A75D7A0}"
EndProject
Global
	GlobalSection(SolutionConfigurationPlatforms) = preSolution
		Debug|Any CPU = Debug|Any CPU
		Release|Any CPU = Release|Any CPU
	EndGlobalSection
	GlobalSection(ProjectConfigurationPlatforms) = postSolution
		{A28D2174-7B0B-4968-88A7-D2401A75D7A0}.Debug|Any CPU.ActiveCfg = Debug|Any CPU
		{A28D2174-7B0B-4968-88A7-D2401A75D7A0}.Debug|Any CPU.Build.0 = Debug|Any CPU
		{A28D2174-7B0B-4968-88A7-D2401A75D7A0}.Release|Any CPU.ActiveCfg = Release|Any CPU
		{A28D2174-7B0B-4968-88A7-D2401A75D7A0}.Release|Any CPU.Build.0 = Release|Any CPU
	EndGlobalSection
	GlobalSection(SolutionProperties) = preSolution
		HideSolutionNode = FALSE
	EndGlobalSection
	GlobalSection(ExtensibilityGlobals) = postSolution
		SolutionGuid = {1C5C9674-1ECC-4562-97FD-876273D01A31}
	EndGlobalSection
EndGlobal
